
Microsoft Visual Studio Solution File, Format Version 12.00
# Visual Studio Version 17
VisualStudioVersion = 17.4.33213.308
MinimumVisualStudioVersion = 10.0.40219.1
Project("{8BC9CEB8-8B4A-11D0-8D11-00A0C91BC942}") = "01_Intro OOP", "OOP_PV_521\OOP_PV_521.vcxproj", "{E266657E-CD33-4E26-9FC5-F1C56C96075B}"
EndProject
Project("{8BC9CEB8-8B4A-11D0-8D11-00A0C91BC942}") = "02_Ctor delegate and Dtor", "02_Ctor delegate and Dtor\02_Ctor delegate and Dtor.vcxproj", "{B9C044B1-EAFA-4868-87FA-52A3C32866DF}"
EndProject
Project("{8BC9CEB8-8B4A-11D0-8D11-00A0C91BC942}") = "03_copy ctor", "03_copy ctor\03_copy ctor.vcxproj", "{3296B21C-CB43-4BD0-99A6-144C5249D9B7}"
EndProject
Project("{8BC9CEB8-8B4A-11D0-8D11-00A0C91BC942}") = "04_static methods_and_fields", "04_static methods_and_fields\04_static methods_and_fields.vcxproj", "{86DB0D51-2E8D-45D8-81A9-A1EBF116675F}"
EndProject
Project("{8BC9CEB8-8B4A-11D0-8D11-00A0C91BC942}") = "05_Overload operators", "05_Overload operators\05_Overload operators.vcxproj", "{387E2E93-0CE6-4672-9BA1-FB6C5174F6A2}"
EndProject
Project("{8BC9CEB8-8B4A-11D0-8D11-00A0C91BC942}") = "07_Friends_function", "07_Friends_function\07_Friends_function.vcxproj", "{AC67D3D0-5565-44FD-9D3C-7975845A17B5}"
EndProject
Project("{8BC9CEB8-8B4A-11D0-8D11-00A0C91BC942}") = "06_Oveload operators continue", "06_Oveload operators continue\06_Oveload operators continue.vcxproj", "{FE7CAA98-F478-456C-BEDF-671FC617407B}"
EndProject
Project("{8BC9CEB8-8B4A-11D0-8D11-00A0C91BC942}") = "08_Template class", "08_Template class\08_Template class.vcxproj", "{88753968-F280-4164-B8F5-0267C39FD691}"
EndProject
Project("{8BC9CEB8-8B4A-11D0-8D11-00A0C91BC942}") = "09_Dynamic structures Stack", "09_Dynamic structures Stack\09_Dynamic structures Stack.vcxproj", "{7293DB31-3793-42F6-A6DB-487C764BF925}"
EndProject
Project("{8BC9CEB8-8B4A-11D0-8D11-00A0C91BC942}") = "10_Singly Linked List", "10_Singly Linked List\10_Singly Linked List.vcxproj", "{0408589A-D0DF-4D68-9ED3-06494CE399D6}"
EndProject
Project("{8BC9CEB8-8B4A-11D0-8D11-00A0C91BC942}") = "11_double limked list", "11_double limked list\11_double limked list.vcxproj", "{1AA80DEA-4481-4A92-ACAD-8A7648D5BA6A}"
EndProject
Project("{8BC9CEB8-8B4A-11D0-8D11-00A0C91BC942}") = "13_Multi Inheritance", "13_Multi Inheritance\13_Multi Inheritance.vcxproj", "{4E3378EE-2B44-48EC-8441-D10C90B076BC}"
EndProject
Project("{8BC9CEB8-8B4A-11D0-8D11-00A0C91BC942}") = "13_Diamont problem", "13_Diamont problem\13_Diamont problem.vcxproj", "{3F88AEF6-4EF4-40BD-9C55-964DE5FDE11E}"
EndProject
Project("{8BC9CEB8-8B4A-11D0-8D11-00A0C91BC942}") = "14_Virtual methods", "14_Virtual methods\14_Virtual methods.vcxproj", "{48BFEC05-2639-4948-B2F9-A4081C31760D}"
EndProject
Project("{8BC9CEB8-8B4A-11D0-8D11-00A0C91BC942}") = "15_abstract class", "15_abstract class\15_abstract class.vcxproj", "{9597D3AE-60E2-43DA-90D5-4EB035A2C4DB}"
EndProject
Project("{8BC9CEB8-8B4A-11D0-8D11-00A0C91BC942}") = "16_Casting", "16_Casting\16_Casting.vcxproj", "{4C20E288-A4AF-492C-9EF9-2F9FC24BC795}"
EndProject
Project("{8BC9CEB8-8B4A-11D0-8D11-00A0C91BC942}") = "17_const_cast", "17_const_cast\17_const_cast.vcxproj", "{492EC149-A107-4189-BB6D-79E5200C8539}"
EndProject
Project("{8BC9CEB8-8B4A-11D0-8D11-00A0C91BC942}") = "18_dynamic_cast", "18_dynamic_cast\18_dynamic_cast.vcxproj", "{D6EB95D9-1FE5-4E25-8EA8-E870967D5D16}"
EndProject
Global
	GlobalSection(SolutionConfigurationPlatforms) = preSolution
		Debug|x64 = Debug|x64
		Debug|x86 = Debug|x86
		Release|x64 = Release|x64
		Release|x86 = Release|x86
	EndGlobalSection
	GlobalSection(ProjectConfigurationPlatforms) = postSolution
		{E266657E-CD33-4E26-9FC5-F1C56C96075B}.Debug|x64.ActiveCfg = Debug|x64
		{E266657E-CD33-4E26-9FC5-F1C56C96075B}.Debug|x64.Build.0 = Debug|x64
		{E266657E-CD33-4E26-9FC5-F1C56C96075B}.Debug|x86.ActiveCfg = Debug|Win32
		{E266657E-CD33-4E26-9FC5-F1C56C96075B}.Debug|x86.Build.0 = Debug|Win32
		{E266657E-CD33-4E26-9FC5-F1C56C96075B}.Release|x64.ActiveCfg = Release|x64
		{E266657E-CD33-4E26-9FC5-F1C56C96075B}.Release|x64.Build.0 = Release|x64
		{E266657E-CD33-4E26-9FC5-F1C56C96075B}.Release|x86.ActiveCfg = Release|Win32
		{E266657E-CD33-4E26-9FC5-F1C56C96075B}.Release|x86.Build.0 = Release|Win32
		{B9C044B1-EAFA-4868-87FA-52A3C32866DF}.Debug|x64.ActiveCfg = Debug|x64
		{B9C044B1-EAFA-4868-87FA-52A3C32866DF}.Debug|x64.Build.0 = Debug|x64
		{B9C044B1-EAFA-4868-87FA-52A3C32866DF}.Debug|x86.ActiveCfg = Debug|Win32
		{B9C044B1-EAFA-4868-87FA-52A3C32866DF}.Debug|x86.Build.0 = Debug|Win32
		{B9C044B1-EAFA-4868-87FA-52A3C32866DF}.Release|x64.ActiveCfg = Release|x64
		{B9C044B1-EAFA-4868-87FA-52A3C32866DF}.Release|x64.Build.0 = Release|x64
		{B9C044B1-EAFA-4868-87FA-52A3C32866DF}.Release|x86.ActiveCfg = Release|Win32
		{B9C044B1-EAFA-4868-87FA-52A3C32866DF}.Release|x86.Build.0 = Release|Win32
		{3296B21C-CB43-4BD0-99A6-144C5249D9B7}.Debug|x64.ActiveCfg = Debug|x64
		{3296B21C-CB43-4BD0-99A6-144C5249D9B7}.Debug|x64.Build.0 = Debug|x64
		{3296B21C-CB43-4BD0-99A6-144C5249D9B7}.Debug|x86.ActiveCfg = Debug|Win32
		{3296B21C-CB43-4BD0-99A6-144C5249D9B7}.Debug|x86.Build.0 = Debug|Win32
		{3296B21C-CB43-4BD0-99A6-144C5249D9B7}.Release|x64.ActiveCfg = Release|x64
		{3296B21C-CB43-4BD0-99A6-144C5249D9B7}.Release|x64.Build.0 = Release|x64
		{3296B21C-CB43-4BD0-99A6-144C5249D9B7}.Release|x86.ActiveCfg = Release|Win32
		{3296B21C-CB43-4BD0-99A6-144C5249D9B7}.Release|x86.Build.0 = Release|Win32
		{86DB0D51-2E8D-45D8-81A9-A1EBF116675F}.Debug|x64.ActiveCfg = Debug|x64
		{86DB0D51-2E8D-45D8-81A9-A1EBF116675F}.Debug|x64.Build.0 = Debug|x64
		{86DB0D51-2E8D-45D8-81A9-A1EBF116675F}.Debug|x86.ActiveCfg = Debug|Win32
		{86DB0D51-2E8D-45D8-81A9-A1EBF116675F}.Debug|x86.Build.0 = Debug|Win32
		{86DB0D51-2E8D-45D8-81A9-A1EBF116675F}.Release|x64.ActiveCfg = Release|x64
		{86DB0D51-2E8D-45D8-81A9-A1EBF116675F}.Release|x64.Build.0 = Release|x64
		{86DB0D51-2E8D-45D8-81A9-A1EBF116675F}.Release|x86.ActiveCfg = Release|Win32
		{86DB0D51-2E8D-45D8-81A9-A1EBF116675F}.Release|x86.Build.0 = Release|Win32
		{387E2E93-0CE6-4672-9BA1-FB6C5174F6A2}.Debug|x64.ActiveCfg = Debug|x64
		{387E2E93-0CE6-4672-9BA1-FB6C5174F6A2}.Debug|x64.Build.0 = Debug|x64
		{387E2E93-0CE6-4672-9BA1-FB6C5174F6A2}.Debug|x86.ActiveCfg = Debug|Win32
		{387E2E93-0CE6-4672-9BA1-FB6C5174F6A2}.Debug|x86.Build.0 = Debug|Win32
		{387E2E93-0CE6-4672-9BA1-FB6C5174F6A2}.Release|x64.ActiveCfg = Release|x64
		{387E2E93-0CE6-4672-9BA1-FB6C5174F6A2}.Release|x64.Build.0 = Release|x64
		{387E2E93-0CE6-4672-9BA1-FB6C5174F6A2}.Release|x86.ActiveCfg = Release|Win32
		{387E2E93-0CE6-4672-9BA1-FB6C5174F6A2}.Release|x86.Build.0 = Release|Win32
		{AC67D3D0-5565-44FD-9D3C-7975845A17B5}.Debug|x64.ActiveCfg = Debug|x64
		{AC67D3D0-5565-44FD-9D3C-7975845A17B5}.Debug|x64.Build.0 = Debug|x64
		{AC67D3D0-5565-44FD-9D3C-7975845A17B5}.Debug|x86.ActiveCfg = Debug|Win32
		{AC67D3D0-5565-44FD-9D3C-7975845A17B5}.Debug|x86.Build.0 = Debug|Win32
		{AC67D3D0-5565-44FD-9D3C-7975845A17B5}.Release|x64.ActiveCfg = Release|x64
		{AC67D3D0-5565-44FD-9D3C-7975845A17B5}.Release|x64.Build.0 = Release|x64
		{AC67D3D0-5565-44FD-9D3C-7975845A17B5}.Release|x86.ActiveCfg = Release|Win32
		{AC67D3D0-5565-44FD-9D3C-7975845A17B5}.Release|x86.Build.0 = Release|Win32
		{FE7CAA98-F478-456C-BEDF-671FC617407B}.Debug|x64.ActiveCfg = Debug|x64
		{FE7CAA98-F478-456C-BEDF-671FC617407B}.Debug|x64.Build.0 = Debug|x64
		{FE7CAA98-F478-456C-BEDF-671FC617407B}.Debug|x86.ActiveCfg = Debug|Win32
		{FE7CAA98-F478-456C-BEDF-671FC617407B}.Debug|x86.Build.0 = Debug|Win32
		{FE7CAA98-F478-456C-BEDF-671FC617407B}.Release|x64.ActiveCfg = Release|x64
		{FE7CAA98-F478-456C-BEDF-671FC617407B}.Release|x64.Build.0 = Release|x64
		{FE7CAA98-F478-456C-BEDF-671FC617407B}.Release|x86.ActiveCfg = Release|Win32
		{FE7CAA98-F478-456C-BEDF-671FC617407B}.Release|x86.Build.0 = Release|Win32
		{88753968-F280-4164-B8F5-0267C39FD691}.Debug|x64.ActiveCfg = Debug|x64
		{88753968-F280-4164-B8F5-0267C39FD691}.Debug|x64.Build.0 = Debug|x64
		{88753968-F280-4164-B8F5-0267C39FD691}.Debug|x86.ActiveCfg = Debug|Win32
		{88753968-F280-4164-B8F5-0267C39FD691}.Debug|x86.Build.0 = Debug|Win32
		{88753968-F280-4164-B8F5-0267C39FD691}.Release|x64.ActiveCfg = Release|x64
		{88753968-F280-4164-B8F5-0267C39FD691}.Release|x64.Build.0 = Release|x64
		{88753968-F280-4164-B8F5-0267C39FD691}.Release|x86.ActiveCfg = Release|Win32
		{88753968-F280-4164-B8F5-0267C39FD691}.Release|x86.Build.0 = Release|Win32
		{7293DB31-3793-42F6-A6DB-487C764BF925}.Debug|x64.ActiveCfg = Debug|x64
		{7293DB31-3793-42F6-A6DB-487C764BF925}.Debug|x64.Build.0 = Debug|x64
		{7293DB31-3793-42F6-A6DB-487C764BF925}.Debug|x86.ActiveCfg = Debug|Win32
		{7293DB31-3793-42F6-A6DB-487C764BF925}.Debug|x86.Build.0 = Debug|Win32
		{7293DB31-3793-42F6-A6DB-487C764BF925}.Release|x64.ActiveCfg = Release|x64
		{7293DB31-3793-42F6-A6DB-487C764BF925}.Release|x64.Build.0 = Release|x64
		{7293DB31-3793-42F6-A6DB-487C764BF925}.Release|x86.ActiveCfg = Release|Win32
		{7293DB31-3793-42F6-A6DB-487C764BF925}.Release|x86.Build.0 = Release|Win32
		{0408589A-D0DF-4D68-9ED3-06494CE399D6}.Debug|x64.ActiveCfg = Debug|x64
		{0408589A-D0DF-4D68-9ED3-06494CE399D6}.Debug|x64.Build.0 = Debug|x64
		{0408589A-D0DF-4D68-9ED3-06494CE399D6}.Debug|x86.ActiveCfg = Debug|Win32
		{0408589A-D0DF-4D68-9ED3-06494CE399D6}.Debug|x86.Build.0 = Debug|Win32
		{0408589A-D0DF-4D68-9ED3-06494CE399D6}.Release|x64.ActiveCfg = Release|x64
		{0408589A-D0DF-4D68-9ED3-06494CE399D6}.Release|x64.Build.0 = Release|x64
		{0408589A-D0DF-4D68-9ED3-06494CE399D6}.Release|x86.ActiveCfg = Release|Win32
		{0408589A-D0DF-4D68-9ED3-06494CE399D6}.Release|x86.Build.0 = Release|Win32
		{1AA80DEA-4481-4A92-ACAD-8A7648D5BA6A}.Debug|x64.ActiveCfg = Debug|x64
		{1AA80DEA-4481-4A92-ACAD-8A7648D5BA6A}.Debug|x64.Build.0 = Debug|x64
		{1AA80DEA-4481-4A92-ACAD-8A7648D5BA6A}.Debug|x86.ActiveCfg = Debug|Win32
		{1AA80DEA-4481-4A92-ACAD-8A7648D5BA6A}.Debug|x86.Build.0 = Debug|Win32
		{1AA80DEA-4481-4A92-ACAD-8A7648D5BA6A}.Release|x64.ActiveCfg = Release|x64
		{1AA80DEA-4481-4A92-ACAD-8A7648D5BA6A}.Release|x64.Build.0 = Release|x64
		{1AA80DEA-4481-4A92-ACAD-8A7648D5BA6A}.Release|x86.ActiveCfg = Release|Win32
		{1AA80DEA-4481-4A92-ACAD-8A7648D5BA6A}.Release|x86.Build.0 = Release|Win32
		{4E3378EE-2B44-48EC-8441-D10C90B076BC}.Debug|x64.ActiveCfg = Debug|x64
		{4E3378EE-2B44-48EC-8441-D10C90B076BC}.Debug|x64.Build.0 = Debug|x64
		{4E3378EE-2B44-48EC-8441-D10C90B076BC}.Debug|x86.ActiveCfg = Debug|Win32
		{4E3378EE-2B44-48EC-8441-D10C90B076BC}.Debug|x86.Build.0 = Debug|Win32
		{4E3378EE-2B44-48EC-8441-D10C90B076BC}.Release|x64.ActiveCfg = Release|x64
		{4E3378EE-2B44-48EC-8441-D10C90B076BC}.Release|x64.Build.0 = Release|x64
		{4E3378EE-2B44-48EC-8441-D10C90B076BC}.Release|x86.ActiveCfg = Release|Win32
		{4E3378EE-2B44-48EC-8441-D10C90B076BC}.Release|x86.Build.0 = Release|Win32
		{3F88AEF6-4EF4-40BD-9C55-964DE5FDE11E}.Debug|x64.ActiveCfg = Debug|x64
		{3F88AEF6-4EF4-40BD-9C55-964DE5FDE11E}.Debug|x64.Build.0 = Debug|x64
		{3F88AEF6-4EF4-40BD-9C55-964DE5FDE11E}.Debug|x86.ActiveCfg = Debug|Win32
		{3F88AEF6-4EF4-40BD-9C55-964DE5FDE11E}.Debug|x86.Build.0 = Debug|Win32
		{3F88AEF6-4EF4-40BD-9C55-964DE5FDE11E}.Release|x64.ActiveCfg = Release|x64
		{3F88AEF6-4EF4-40BD-9C55-964DE5FDE11E}.Release|x64.Build.0 = Release|x64
		{3F88AEF6-4EF4-40BD-9C55-964DE5FDE11E}.Release|x86.ActiveCfg = Release|Win32
		{3F88AEF6-4EF4-40BD-9C55-964DE5FDE11E}.Release|x86.Build.0 = Release|Win32
		{48BFEC05-2639-4948-B2F9-A4081C31760D}.Debug|x64.ActiveCfg = Debug|x64
		{48BFEC05-2639-4948-B2F9-A4081C31760D}.Debug|x64.Build.0 = Debug|x64
		{48BFEC05-2639-4948-B2F9-A4081C31760D}.Debug|x86.ActiveCfg = Debug|Win32
		{48BFEC05-2639-4948-B2F9-A4081C31760D}.Debug|x86.Build.0 = Debug|Win32
		{48BFEC05-2639-4948-B2F9-A4081C31760D}.Release|x64.ActiveCfg = Release|x64
		{48BFEC05-2639-4948-B2F9-A4081C31760D}.Release|x64.Build.0 = Release|x64
		{48BFEC05-2639-4948-B2F9-A4081C31760D}.Release|x86.ActiveCfg = Release|Win32
		{48BFEC05-2639-4948-B2F9-A4081C31760D}.Release|x86.Build.0 = Release|Win32
		{9597D3AE-60E2-43DA-90D5-4EB035A2C4DB}.Debug|x64.ActiveCfg = Debug|x64
		{9597D3AE-60E2-43DA-90D5-4EB035A2C4DB}.Debug|x64.Build.0 = Debug|x64
		{9597D3AE-60E2-43DA-90D5-4EB035A2C4DB}.Debug|x86.ActiveCfg = Debug|Win32
		{9597D3AE-60E2-43DA-90D5-4EB035A2C4DB}.Debug|x86.Build.0 = Debug|Win32
		{9597D3AE-60E2-43DA-90D5-4EB035A2C4DB}.Release|x64.ActiveCfg = Release|x64
		{9597D3AE-60E2-43DA-90D5-4EB035A2C4DB}.Release|x64.Build.0 = Release|x64
		{9597D3AE-60E2-43DA-90D5-4EB035A2C4DB}.Release|x86.ActiveCfg = Release|Win32
		{9597D3AE-60E2-43DA-90D5-4EB035A2C4DB}.Release|x86.Build.0 = Release|Win32
		{4C20E288-A4AF-492C-9EF9-2F9FC24BC795}.Debug|x64.ActiveCfg = Debug|x64
		{4C20E288-A4AF-492C-9EF9-2F9FC24BC795}.Debug|x64.Build.0 = Debug|x64
		{4C20E288-A4AF-492C-9EF9-2F9FC24BC795}.Debug|x86.ActiveCfg = Debug|Win32
		{4C20E288-A4AF-492C-9EF9-2F9FC24BC795}.Debug|x86.Build.0 = Debug|Win32
		{4C20E288-A4AF-492C-9EF9-2F9FC24BC795}.Release|x64.ActiveCfg = Release|x64
		{4C20E288-A4AF-492C-9EF9-2F9FC24BC795}.Release|x64.Build.0 = Release|x64
		{4C20E288-A4AF-492C-9EF9-2F9FC24BC795}.Release|x86.ActiveCfg = Release|Win32
		{4C20E288-A4AF-492C-9EF9-2F9FC24BC795}.Release|x86.Build.0 = Release|Win32
		{492EC149-A107-4189-BB6D-79E5200C8539}.Debug|x64.ActiveCfg = Debug|x64
		{492EC149-A107-4189-BB6D-79E5200C8539}.Debug|x64.Build.0 = Debug|x64
		{492EC149-A107-4189-BB6D-79E5200C8539}.Debug|x86.ActiveCfg = Debug|Win32
		{492EC149-A107-4189-BB6D-79E5200C8539}.Debug|x86.Build.0 = Debug|Win32
		{492EC149-A107-4189-BB6D-79E5200C8539}.Release|x64.ActiveCfg = Release|x64
		{492EC149-A107-4189-BB6D-79E5200C8539}.Release|x64.Build.0 = Release|x64
		{492EC149-A107-4189-BB6D-79E5200C8539}.Release|x86.ActiveCfg = Release|Win32
		{492EC149-A107-4189-BB6D-79E5200C8539}.Release|x86.Build.0 = Release|Win32
		{D6EB95D9-1FE5-4E25-8EA8-E870967D5D16}.Debug|x64.ActiveCfg = Debug|x64
		{D6EB95D9-1FE5-4E25-8EA8-E870967D5D16}.Debug|x64.Build.0 = Debug|x64
		{D6EB95D9-1FE5-4E25-8EA8-E870967D5D16}.Debug|x86.ActiveCfg = Debug|Win32
		{D6EB95D9-1FE5-4E25-8EA8-E870967D5D16}.Debug|x86.Build.0 = Debug|Win32
		{D6EB95D9-1FE5-4E25-8EA8-E870967D5D16}.Release|x64.ActiveCfg = Release|x64
		{D6EB95D9-1FE5-4E25-8EA8-E870967D5D16}.Release|x64.Build.0 = Release|x64
		{D6EB95D9-1FE5-4E25-8EA8-E870967D5D16}.Release|x86.ActiveCfg = Release|Win32
		{D6EB95D9-1FE5-4E25-8EA8-E870967D5D16}.Release|x86.Build.0 = Release|Win32
	EndGlobalSection
	GlobalSection(SolutionProperties) = preSolution
		HideSolutionNode = FALSE
	EndGlobalSection
	GlobalSection(ExtensibilityGlobals) = postSolution
		SolutionGuid = {CC27E847-285C-42B0-9E57-343E3B872C2B}
	EndGlobalSection
EndGlobal
